
Microsoft Visual Studio Solution File, Format Version 10.00
# Visual Studio 2008
Project("{FAE04EC0-301F-11D3-BF4B-00C04F79EFBC}") = "Freetime.Base.Business", "..\Freetime.Base.Business\Freetime.Base.Business.csproj", "{CF7EC13B-E324-455A-9A91-71CFCBEBD6C1}"
EndProject
Project("{2150E333-8FDC-42A3-9474-1A3956D46DE8}") = "001.Data.Services", "001.Data.Services", "{EECD6171-71C1-49BA-90C1-CC9490F7B39C}"
EndProject
Project("{2150E333-8FDC-42A3-9474-1A3956D46DE8}") = "002.Business", "002.Business", "{550EE444-7556-46FD-AF6E-465EA9FB6F59}"
EndProject
Project("{2150E333-8FDC-42A3-9474-1A3956D46DE8}") = "900.Unit.Test", "900.Unit.Test", "{D66611DD-3754-45E7-925F-8AA9E7C4F044}"
EndProject
Project("{2150E333-8FDC-42A3-9474-1A3956D46DE8}") = "003.Data.Services.Client", "003.Data.Services.Client", "{C2736804-AE56-420D-BCFA-A44B5937A026}"
EndProject
Project("{FAE04EC0-301F-11D3-BF4B-00C04F79EFBC}") = "Test.Freetime.Base.Business.2008", "..\Unit.Testing\Test.Freetime.Base.Business\Test.Freetime.Base.Business.2008.csproj", "{9DD23392-E06C-4228-909F-D7BB532C316D}"
EndProject
Project("{FAE04EC0-301F-11D3-BF4B-00C04F79EFBC}") = "Freetime.Data.Services", "..\Freetime.Data.Services\Freetime.Data.Services.csproj", "{7FE45FF9-F800-4475-9BEB-A7C4A0410903}"
EndProject
Project("{FAE04EC0-301F-11D3-BF4B-00C04F79EFBC}") = "Freetime.Data.Services.Client", "..\Freetime.Data.Services.Client\Freetime.Data.Services.Client.csproj", "{A070FDCC-71A4-43BB-A528-C816EAA65C3B}"
EndProject
Project("{FAE04EC0-301F-11D3-BF4B-00C04F79EFBC}") = "Test.Freetime.Data.Services.2008", "..\Unit.Testing\Test.Freetime.Data.Services\Test.Freetime.Data.Services.2008.csproj", "{79ADE7B6-1DA7-4D31-8DE5-040F43566636}"
EndProject
Project("{FAE04EC0-301F-11D3-BF4B-00C04F79EFBC}") = "Test.Freetime.Data.Services.Client.2008", "..\Unit.Testing\Test.Freetime.Data.Services.Client\Test.Freetime.Data.Services.Client.2008.csproj", "{293B00FB-9C0E-41B4-B9F8-A7F9B46511F2}"
EndProject
Global
	GlobalSection(SubversionScc) = preSolution
		Svn-Managed = True
		Manager = AnkhSVN - Subversion Support for Visual Studio
	EndGlobalSection
	GlobalSection(SolutionConfigurationPlatforms) = preSolution
		Debug|Any CPU = Debug|Any CPU
		Release|Any CPU = Release|Any CPU
	EndGlobalSection
	GlobalSection(ProjectConfigurationPlatforms) = postSolution
		{CF7EC13B-E324-455A-9A91-71CFCBEBD6C1}.Debug|Any CPU.ActiveCfg = Debug|Any CPU
		{CF7EC13B-E324-455A-9A91-71CFCBEBD6C1}.Debug|Any CPU.Build.0 = Debug|Any CPU
		{CF7EC13B-E324-455A-9A91-71CFCBEBD6C1}.Release|Any CPU.ActiveCfg = Release|Any CPU
		{CF7EC13B-E324-455A-9A91-71CFCBEBD6C1}.Release|Any CPU.Build.0 = Release|Any CPU
		{9DD23392-E06C-4228-909F-D7BB532C316D}.Debug|Any CPU.ActiveCfg = Debug|Any CPU
		{9DD23392-E06C-4228-909F-D7BB532C316D}.Debug|Any CPU.Build.0 = Debug|Any CPU
		{9DD23392-E06C-4228-909F-D7BB532C316D}.Release|Any CPU.ActiveCfg = Release|Any CPU
		{9DD23392-E06C-4228-909F-D7BB532C316D}.Release|Any CPU.Build.0 = Release|Any CPU
		{7FE45FF9-F800-4475-9BEB-A7C4A0410903}.Debug|Any CPU.ActiveCfg = Debug|Any CPU
		{7FE45FF9-F800-4475-9BEB-A7C4A0410903}.Debug|Any CPU.Build.0 = Debug|Any CPU
		{7FE45FF9-F800-4475-9BEB-A7C4A0410903}.Release|Any CPU.ActiveCfg = Release|Any CPU
		{7FE45FF9-F800-4475-9BEB-A7C4A0410903}.Release|Any CPU.Build.0 = Release|Any CPU
		{A070FDCC-71A4-43BB-A528-C816EAA65C3B}.Debug|Any CPU.ActiveCfg = Debug|Any CPU
		{A070FDCC-71A4-43BB-A528-C816EAA65C3B}.Debug|Any CPU.Build.0 = Debug|Any CPU
		{A070FDCC-71A4-43BB-A528-C816EAA65C3B}.Release|Any CPU.ActiveCfg = Release|Any CPU
		{A070FDCC-71A4-43BB-A528-C816EAA65C3B}.Release|Any CPU.Build.0 = Release|Any CPU
		{79ADE7B6-1DA7-4D31-8DE5-040F43566636}.Debug|Any CPU.ActiveCfg = Debug|Any CPU
		{79ADE7B6-1DA7-4D31-8DE5-040F43566636}.Debug|Any CPU.Build.0 = Debug|Any CPU
		{79ADE7B6-1DA7-4D31-8DE5-040F43566636}.Release|Any CPU.ActiveCfg = Release|Any CPU
		{79ADE7B6-1DA7-4D31-8DE5-040F43566636}.Release|Any CPU.Build.0 = Release|Any CPU
		{293B00FB-9C0E-41B4-B9F8-A7F9B46511F2}.Debug|Any CPU.ActiveCfg = Debug|Any CPU
		{293B00FB-9C0E-41B4-B9F8-A7F9B46511F2}.Debug|Any CPU.Build.0 = Debug|Any CPU
		{293B00FB-9C0E-41B4-B9F8-A7F9B46511F2}.Release|Any CPU.ActiveCfg = Release|Any CPU
		{293B00FB-9C0E-41B4-B9F8-A7F9B46511F2}.Release|Any CPU.Build.0 = Release|Any CPU
	EndGlobalSection
	GlobalSection(SolutionProperties) = preSolution
		HideSolutionNode = FALSE
	EndGlobalSection
	GlobalSection(NestedProjects) = preSolution
		{7FE45FF9-F800-4475-9BEB-A7C4A0410903} = {EECD6171-71C1-49BA-90C1-CC9490F7B39C}
		{CF7EC13B-E324-455A-9A91-71CFCBEBD6C1} = {550EE444-7556-46FD-AF6E-465EA9FB6F59}
		{9DD23392-E06C-4228-909F-D7BB532C316D} = {D66611DD-3754-45E7-925F-8AA9E7C4F044}
		{79ADE7B6-1DA7-4D31-8DE5-040F43566636} = {D66611DD-3754-45E7-925F-8AA9E7C4F044}
		{293B00FB-9C0E-41B4-B9F8-A7F9B46511F2} = {D66611DD-3754-45E7-925F-8AA9E7C4F044}
		{A070FDCC-71A4-43BB-A528-C816EAA65C3B} = {C2736804-AE56-420D-BCFA-A44B5937A026}
	EndGlobalSection
EndGlobal
